// !$*UTF8*$!
{
	archiveVersion = 1;
	classes = {
	};
	objectVersion = 46;
	objects = {

/* Begin PBXBuildFile section */
		85822053567C46699BEDEA95 /* libPods.a in Frameworks */ = {isa = PBXBuildFile; fileRef = DB776377C5344822A9EC0C01 /* libPods.a */; };
		AD4767FD171704960023C293 /* UIKit.framework in Frameworks */ = {isa = PBXBuildFile; fileRef = AD4767FC171704960023C293 /* UIKit.framework */; };
		AD4767FF171704960023C293 /* Foundation.framework in Frameworks */ = {isa = PBXBuildFile; fileRef = AD4767FE171704960023C293 /* Foundation.framework */; };
		AD476801171704960023C293 /* CoreGraphics.framework in Frameworks */ = {isa = PBXBuildFile; fileRef = AD476800171704960023C293 /* CoreGraphics.framework */; };
		AD476807171704960023C293 /* InfoPlist.strings in Resources */ = {isa = PBXBuildFile; fileRef = AD476805171704960023C293 /* InfoPlist.strings */; };
		AD476809171704960023C293 /* main.m in Sources */ = {isa = PBXBuildFile; fileRef = AD476808171704960023C293 /* main.m */; };
		AD47680D171704960023C293 /* RVAppDelegate.m in Sources */ = {isa = PBXBuildFile; fileRef = AD47680C171704960023C293 /* RVAppDelegate.m */; };
		AD47680F171704960023C293 /* Default.png in Resources */ = {isa = PBXBuildFile; fileRef = AD47680E171704960023C293 /* Default.png */; };
		AD476811171704960023C293 /* Default@2x.png in Resources */ = {isa = PBXBuildFile; fileRef = AD476810171704960023C293 /* Default@2x.png */; };
		AD476813171704960023C293 /* Default-568h@2x.png in Resources */ = {isa = PBXBuildFile; fileRef = AD476812171704960023C293 /* Default-568h@2x.png */; };
		AD476821171704960023C293 /* SenTestingKit.framework in Frameworks */ = {isa = PBXBuildFile; fileRef = AD476820171704960023C293 /* SenTestingKit.framework */; };
		AD476822171704960023C293 /* UIKit.framework in Frameworks */ = {isa = PBXBuildFile; fileRef = AD4767FC171704960023C293 /* UIKit.framework */; };
		AD476823171704960023C293 /* Foundation.framework in Frameworks */ = {isa = PBXBuildFile; fileRef = AD4767FE171704960023C293 /* Foundation.framework */; };
		AD47682B171704960023C293 /* InfoPlist.strings in Resources */ = {isa = PBXBuildFile; fileRef = AD476829171704960023C293 /* InfoPlist.strings */; };
		AD47682E171704960023C293 /* SoundCloudTests.m in Sources */ = {isa = PBXBuildFile; fileRef = AD47682D171704960023C293 /* SoundCloudTests.m */; };
		AD5BDF241717128F0029D969 /* RVTrack.m in Sources */ = {isa = PBXBuildFile; fileRef = AD5BDF231717128F0029D969 /* RVTrack.m */; };
		AD5BDF281717136A0029D969 /* RVArtist.m in Sources */ = {isa = PBXBuildFile; fileRef = AD5BDF271717136A0029D969 /* RVArtist.m */; };
		AD5BDF2C171716E10029D969 /* RVArtistTest.m in Sources */ = {isa = PBXBuildFile; fileRef = AD5BDF2B171716E10029D969 /* RVArtistTest.m */; };
		AD5BDF3017171CAE0029D969 /* NSDictionary+SKParsing.m in Sources */ = {isa = PBXBuildFile; fileRef = AD5BDF2F17171CAE0029D969 /* NSDictionary+SKParsing.m */; };
		AD5BDF3417171DCD0029D969 /* RVViewController.m in Sources */ = {isa = PBXBuildFile; fileRef = AD5BDF3317171DCD0029D969 /* RVViewController.m */; };
		AD5BDF3617171DDF0029D969 /* RVViewController.xib in Resources */ = {isa = PBXBuildFile; fileRef = AD5BDF3517171DDF0029D969 /* RVViewController.xib */; };
		AD5BDF39171720340029D969 /* RVTrackTests.m in Sources */ = {isa = PBXBuildFile; fileRef = AD5BDF38171720340029D969 /* RVTrackTests.m */; };
		ADD26E0D1718303A0007BE84 /* RVTracksAPI.m in Sources */ = {isa = PBXBuildFile; fileRef = ADD26E0C1718303A0007BE84 /* RVTracksAPI.m */; };
		ADD26E11171842340007BE84 /* RVTrackCell.m in Sources */ = {isa = PBXBuildFile; fileRef = ADD26E10171842340007BE84 /* RVTrackCell.m */; };
		ADD26E131718424F0007BE84 /* RVTrackCell.xib in Resources */ = {isa = PBXBuildFile; fileRef = ADD26E121718424F0007BE84 /* RVTrackCell.xib */; };
		ADD26E1617185E340007BE84 /* RVImageAPI.m in Sources */ = {isa = PBXBuildFile; fileRef = ADD26E1517185E340007BE84 /* RVImageAPI.m */; };
		ADDC1DC3171862AF00A4AFEC /* NSDate+SoundCloud.m in Sources */ = {isa = PBXBuildFile; fileRef = ADDC1DC2171862AF00A4AFEC /* NSDate+SoundCloud.m */; };
		ADDC1DC71718630800A4AFEC /* RVNSDateAdditionTests.m in Sources */ = {isa = PBXBuildFile; fileRef = ADDC1DC61718630800A4AFEC /* RVNSDateAdditionTests.m */; };
/* End PBXBuildFile section */

/* Begin PBXContainerItemProxy section */
		AD476824171704960023C293 /* PBXContainerItemProxy */ = {
			isa = PBXContainerItemProxy;
			containerPortal = AD4767F1171704960023C293 /* Project object */;
			proxyType = 1;
			remoteGlobalIDString = AD4767F8171704960023C293;
			remoteInfo = SoundCloud;
		};
/* End PBXContainerItemProxy section */

/* Begin PBXFileReference section */
		7BB90202BD364EFCAC5183C7 /* Pods.xcconfig */ = {isa = PBXFileReference; includeInIndex = 1; lastKnownFileType = text.xcconfig; name = Pods.xcconfig; path = Pods/Pods.xcconfig; sourceTree = SOURCE_ROOT; };
		AD4767F9171704960023C293 /* SoundCloud.app */ = {isa = PBXFileReference; explicitFileType = wrapper.application; includeInIndex = 0; path = SoundCloud.app; sourceTree = BUILT_PRODUCTS_DIR; };
		AD4767FC171704960023C293 /* UIKit.framework */ = {isa = PBXFileReference; lastKnownFileType = wrapper.framework; name = UIKit.framework; path = System/Library/Frameworks/UIKit.framework; sourceTree = SDKROOT; };
		AD4767FE171704960023C293 /* Foundation.framework */ = {isa = PBXFileReference; lastKnownFileType = wrapper.framework; name = Foundation.framework; path = System/Library/Frameworks/Foundation.framework; sourceTree = SDKROOT; };
		AD476800171704960023C293 /* CoreGraphics.framework */ = {isa = PBXFileReference; lastKnownFileType = wrapper.framework; name = CoreGraphics.framework; path = System/Library/Frameworks/CoreGraphics.framework; sourceTree = SDKROOT; };
		AD476804171704960023C293 /* SoundCloud-Info.plist */ = {isa = PBXFileReference; lastKnownFileType = text.plist.xml; path = "SoundCloud-Info.plist"; sourceTree = "<group>"; };
		AD476806171704960023C293 /* en */ = {isa = PBXFileReference; lastKnownFileType = text.plist.strings; name = en; path = en.lproj/InfoPlist.strings; sourceTree = "<group>"; };
		AD476808171704960023C293 /* main.m */ = {isa = PBXFileReference; lastKnownFileType = sourcecode.c.objc; path = main.m; sourceTree = "<group>"; };
		AD47680A171704960023C293 /* SoundCloud-Prefix.pch */ = {isa = PBXFileReference; lastKnownFileType = sourcecode.c.h; path = "SoundCloud-Prefix.pch"; sourceTree = "<group>"; };
		AD47680B171704960023C293 /* RVAppDelegate.h */ = {isa = PBXFileReference; lastKnownFileType = sourcecode.c.h; path = RVAppDelegate.h; sourceTree = "<group>"; };
		AD47680C171704960023C293 /* RVAppDelegate.m */ = {isa = PBXFileReference; lastKnownFileType = sourcecode.c.objc; path = RVAppDelegate.m; sourceTree = "<group>"; };
		AD47680E171704960023C293 /* Default.png */ = {isa = PBXFileReference; lastKnownFileType = image.png; path = Default.png; sourceTree = "<group>"; };
		AD476810171704960023C293 /* Default@2x.png */ = {isa = PBXFileReference; lastKnownFileType = image.png; path = "Default@2x.png"; sourceTree = "<group>"; };
		AD476812171704960023C293 /* Default-568h@2x.png */ = {isa = PBXFileReference; lastKnownFileType = image.png; path = "Default-568h@2x.png"; sourceTree = "<group>"; };
		AD47681F171704960023C293 /* SoundCloudTests.octest */ = {isa = PBXFileReference; explicitFileType = wrapper.cfbundle; includeInIndex = 0; path = SoundCloudTests.octest; sourceTree = BUILT_PRODUCTS_DIR; };
		AD476820171704960023C293 /* SenTestingKit.framework */ = {isa = PBXFileReference; lastKnownFileType = wrapper.framework; name = SenTestingKit.framework; path = Library/Frameworks/SenTestingKit.framework; sourceTree = DEVELOPER_DIR; };
		AD476828171704960023C293 /* SoundCloudTests-Info.plist */ = {isa = PBXFileReference; lastKnownFileType = text.plist.xml; path = "SoundCloudTests-Info.plist"; sourceTree = "<group>"; };
		AD47682A171704960023C293 /* en */ = {isa = PBXFileReference; lastKnownFileType = text.plist.strings; name = en; path = en.lproj/InfoPlist.strings; sourceTree = "<group>"; };
		AD47682C171704960023C293 /* SoundCloudTests.h */ = {isa = PBXFileReference; lastKnownFileType = sourcecode.c.h; path = SoundCloudTests.h; sourceTree = "<group>"; };
		AD47682D171704960023C293 /* SoundCloudTests.m */ = {isa = PBXFileReference; lastKnownFileType = sourcecode.c.objc; path = SoundCloudTests.m; sourceTree = "<group>"; };
		AD5BDF221717128F0029D969 /* RVTrack.h */ = {isa = PBXFileReference; fileEncoding = 4; lastKnownFileType = sourcecode.c.h; path = RVTrack.h; sourceTree = "<group>"; };
		AD5BDF231717128F0029D969 /* RVTrack.m */ = {isa = PBXFileReference; fileEncoding = 4; lastKnownFileType = sourcecode.c.objc; path = RVTrack.m; sourceTree = "<group>"; };
		AD5BDF261717136A0029D969 /* RVArtist.h */ = {isa = PBXFileReference; fileEncoding = 4; lastKnownFileType = sourcecode.c.h; path = RVArtist.h; sourceTree = "<group>"; };
		AD5BDF271717136A0029D969 /* RVArtist.m */ = {isa = PBXFileReference; fileEncoding = 4; lastKnownFileType = sourcecode.c.objc; path = RVArtist.m; sourceTree = "<group>"; };
		AD5BDF2A171716E10029D969 /* RVArtistTest.h */ = {isa = PBXFileReference; fileEncoding = 4; lastKnownFileType = sourcecode.c.h; path = RVArtistTest.h; sourceTree = "<group>"; };
		AD5BDF2B171716E10029D969 /* RVArtistTest.m */ = {isa = PBXFileReference; fileEncoding = 4; lastKnownFileType = sourcecode.c.objc; path = RVArtistTest.m; sourceTree = "<group>"; };
		AD5BDF2E17171CAE0029D969 /* NSDictionary+SKParsing.h */ = {isa = PBXFileReference; fileEncoding = 4; lastKnownFileType = sourcecode.c.h; path = "NSDictionary+SKParsing.h"; sourceTree = "<group>"; };
		AD5BDF2F17171CAE0029D969 /* NSDictionary+SKParsing.m */ = {isa = PBXFileReference; fileEncoding = 4; lastKnownFileType = sourcecode.c.objc; path = "NSDictionary+SKParsing.m"; sourceTree = "<group>"; };
		AD5BDF3217171DCD0029D969 /* RVViewController.h */ = {isa = PBXFileReference; fileEncoding = 4; lastKnownFileType = sourcecode.c.h; path = RVViewController.h; sourceTree = "<group>"; };
		AD5BDF3317171DCD0029D969 /* RVViewController.m */ = {isa = PBXFileReference; fileEncoding = 4; lastKnownFileType = sourcecode.c.objc; path = RVViewController.m; sourceTree = "<group>"; };
		AD5BDF3517171DDF0029D969 /* RVViewController.xib */ = {isa = PBXFileReference; fileEncoding = 4; lastKnownFileType = file.xib; path = RVViewController.xib; sourceTree = "<group>"; };
		AD5BDF37171720340029D969 /* RVTrackTests.h */ = {isa = PBXFileReference; fileEncoding = 4; lastKnownFileType = sourcecode.c.h; path = RVTrackTests.h; sourceTree = "<group>"; };
		AD5BDF38171720340029D969 /* RVTrackTests.m */ = {isa = PBXFileReference; fileEncoding = 4; lastKnownFileType = sourcecode.c.objc; path = RVTrackTests.m; sourceTree = "<group>"; };
		ADD26E0B1718303A0007BE84 /* RVTracksAPI.h */ = {isa = PBXFileReference; fileEncoding = 4; lastKnownFileType = sourcecode.c.h; path = RVTracksAPI.h; sourceTree = "<group>"; };
		ADD26E0C1718303A0007BE84 /* RVTracksAPI.m */ = {isa = PBXFileReference; fileEncoding = 4; lastKnownFileType = sourcecode.c.objc; path = RVTracksAPI.m; sourceTree = "<group>"; };
		ADD26E0F171842340007BE84 /* RVTrackCell.h */ = {isa = PBXFileReference; fileEncoding = 4; lastKnownFileType = sourcecode.c.h; path = RVTrackCell.h; sourceTree = "<group>"; };
		ADD26E10171842340007BE84 /* RVTrackCell.m */ = {isa = PBXFileReference; fileEncoding = 4; lastKnownFileType = sourcecode.c.objc; path = RVTrackCell.m; sourceTree = "<group>"; };
		ADD26E121718424F0007BE84 /* RVTrackCell.xib */ = {isa = PBXFileReference; fileEncoding = 4; lastKnownFileType = file.xib; path = RVTrackCell.xib; sourceTree = "<group>"; };
		ADD26E1417185E340007BE84 /* RVImageAPI.h */ = {isa = PBXFileReference; fileEncoding = 4; lastKnownFileType = sourcecode.c.h; path = RVImageAPI.h; sourceTree = "<group>"; };
		ADD26E1517185E340007BE84 /* RVImageAPI.m */ = {isa = PBXFileReference; fileEncoding = 4; lastKnownFileType = sourcecode.c.objc; path = RVImageAPI.m; sourceTree = "<group>"; };
		ADDC1DC1171862AF00A4AFEC /* NSDate+SoundCloud.h */ = {isa = PBXFileReference; fileEncoding = 4; lastKnownFileType = sourcecode.c.h; path = "NSDate+SoundCloud.h"; sourceTree = "<group>"; };
		ADDC1DC2171862AF00A4AFEC /* NSDate+SoundCloud.m */ = {isa = PBXFileReference; fileEncoding = 4; lastKnownFileType = sourcecode.c.objc; path = "NSDate+SoundCloud.m"; sourceTree = "<group>"; };
		ADDC1DC51718630800A4AFEC /* RVNSDateAdditionTests.h */ = {isa = PBXFileReference; fileEncoding = 4; lastKnownFileType = sourcecode.c.h; path = RVNSDateAdditionTests.h; sourceTree = "<group>"; };
		ADDC1DC61718630800A4AFEC /* RVNSDateAdditionTests.m */ = {isa = PBXFileReference; fileEncoding = 4; lastKnownFileType = sourcecode.c.objc; path = RVNSDateAdditionTests.m; sourceTree = "<group>"; };
		DB776377C5344822A9EC0C01 /* libPods.a */ = {isa = PBXFileReference; explicitFileType = archive.ar; includeInIndex = 0; path = libPods.a; sourceTree = BUILT_PRODUCTS_DIR; };
/* End PBXFileReference section */

/* Begin PBXFrameworksBuildPhase section */
		AD4767F6171704960023C293 /* Frameworks */ = {
			isa = PBXFrameworksBuildPhase;
			buildActionMask = 2147483647;
			files = (
				AD4767FD171704960023C293 /* UIKit.framework in Frameworks */,
				AD4767FF171704960023C293 /* Foundation.framework in Frameworks */,
				AD476801171704960023C293 /* CoreGraphics.framework in Frameworks */,
				85822053567C46699BEDEA95 /* libPods.a in Frameworks */,
			);
			runOnlyForDeploymentPostprocessing = 0;
		};
		AD47681B171704960023C293 /* Frameworks */ = {
			isa = PBXFrameworksBuildPhase;
			buildActionMask = 2147483647;
			files = (
				AD476821171704960023C293 /* SenTestingKit.framework in Frameworks */,
				AD476822171704960023C293 /* UIKit.framework in Frameworks */,
				AD476823171704960023C293 /* Foundation.framework in Frameworks */,
			);
			runOnlyForDeploymentPostprocessing = 0;
		};
/* End PBXFrameworksBuildPhase section */

/* Begin PBXGroup section */
		AD4767F0171704960023C293 = {
			isa = PBXGroup;
			children = (
				AD476802171704960023C293 /* SoundCloud */,
				AD476826171704960023C293 /* SoundCloudTests */,
				AD4767FB171704960023C293 /* Frameworks */,
				AD4767FA171704960023C293 /* Products */,
				7BB90202BD364EFCAC5183C7 /* Pods.xcconfig */,
			);
			sourceTree = "<group>";
		};
		AD4767FA171704960023C293 /* Products */ = {
			isa = PBXGroup;
			children = (
				AD4767F9171704960023C293 /* SoundCloud.app */,
				AD47681F171704960023C293 /* SoundCloudTests.octest */,
			);
			name = Products;
			sourceTree = "<group>";
		};
		AD4767FB171704960023C293 /* Frameworks */ = {
			isa = PBXGroup;
			children = (
				AD4767FC171704960023C293 /* UIKit.framework */,
				AD4767FE171704960023C293 /* Foundation.framework */,
				AD476800171704960023C293 /* CoreGraphics.framework */,
				AD476820171704960023C293 /* SenTestingKit.framework */,
				DB776377C5344822A9EC0C01 /* libPods.a */,
			);
			name = Frameworks;
			sourceTree = "<group>";
		};
		AD476802171704960023C293 /* SoundCloud */ = {
			isa = PBXGroup;
			children = (
				AD47680B171704960023C293 /* RVAppDelegate.h */,
				AD47680C171704960023C293 /* RVAppDelegate.m */,
				AD5BDF3117171D7B0029D969 /* Controllers */,
				ADD26E0E171841DD0007BE84 /* Views */,
				AD5BDF21171712720029D969 /* Model */,
				ADD26E0A1718300F0007BE84 /* API */,
				AD5BDF2D17171C880029D969 /* Utils */,
				AD476803171704960023C293 /* Supporting Files */,
			);
			path = SoundCloud;
			sourceTree = "<group>";
		};
		AD476803171704960023C293 /* Supporting Files */ = {
			isa = PBXGroup;
			children = (
				AD476804171704960023C293 /* SoundCloud-Info.plist */,
				AD476805171704960023C293 /* InfoPlist.strings */,
				AD476808171704960023C293 /* main.m */,
				AD47680A171704960023C293 /* SoundCloud-Prefix.pch */,
				AD47680E171704960023C293 /* Default.png */,
				AD476810171704960023C293 /* Default@2x.png */,
				AD476812171704960023C293 /* Default-568h@2x.png */,
			);
			name = "Supporting Files";
			sourceTree = "<group>";
		};
		AD476826171704960023C293 /* SoundCloudTests */ = {
			isa = PBXGroup;
			children = (
				ADDC1DC4171862E200A4AFEC /* Utils */,
				AD5BDF29171716CB0029D969 /* Model */,
				AD47682C171704960023C293 /* SoundCloudTests.h */,
				AD47682D171704960023C293 /* SoundCloudTests.m */,
				AD476827171704960023C293 /* Supporting Files */,
			);
			path = SoundCloudTests;
			sourceTree = "<group>";
		};
		AD476827171704960023C293 /* Supporting Files */ = {
			isa = PBXGroup;
			children = (
				AD476828171704960023C293 /* SoundCloudTests-Info.plist */,
				AD476829171704960023C293 /* InfoPlist.strings */,
			);
			name = "Supporting Files";
			sourceTree = "<group>";
		};
		AD5BDF21171712720029D969 /* Model */ = {
			isa = PBXGroup;
			children = (
				AD5BDF221717128F0029D969 /* RVTrack.h */,
				AD5BDF231717128F0029D969 /* RVTrack.m */,
				AD5BDF261717136A0029D969 /* RVArtist.h */,
				AD5BDF271717136A0029D969 /* RVArtist.m */,
			);
			path = Model;
			sourceTree = "<group>";
		};
		AD5BDF29171716CB0029D969 /* Model */ = {
			isa = PBXGroup;
			children = (
				AD5BDF37171720340029D969 /* RVTrackTests.h */,
				AD5BDF38171720340029D969 /* RVTrackTests.m */,
				AD5BDF2A171716E10029D969 /* RVArtistTest.h */,
				AD5BDF2B171716E10029D969 /* RVArtistTest.m */,
			);
			path = Model;
			sourceTree = "<group>";
		};
		AD5BDF2D17171C880029D969 /* Utils */ = {
			isa = PBXGroup;
			children = (
				AD5BDF2E17171CAE0029D969 /* NSDictionary+SKParsing.h */,
				AD5BDF2F17171CAE0029D969 /* NSDictionary+SKParsing.m */,
				ADDC1DC1171862AF00A4AFEC /* NSDate+SoundCloud.h */,
				ADDC1DC2171862AF00A4AFEC /* NSDate+SoundCloud.m */,
			);
			path = Utils;
			sourceTree = "<group>";
		};
		AD5BDF3117171D7B0029D969 /* Controllers */ = {
			isa = PBXGroup;
			children = (
				AD5BDF3217171DCD0029D969 /* RVViewController.h */,
				AD5BDF3317171DCD0029D969 /* RVViewController.m */,
				AD5BDF3517171DDF0029D969 /* RVViewController.xib */,
			);
			path = Controllers;
			sourceTree = "<group>";
		};
		ADD26E0A1718300F0007BE84 /* API */ = {
			isa = PBXGroup;
			children = (
				ADD26E0B1718303A0007BE84 /* RVTracksAPI.h */,
				ADD26E0C1718303A0007BE84 /* RVTracksAPI.m */,
				ADD26E1417185E340007BE84 /* RVImageAPI.h */,
				ADD26E1517185E340007BE84 /* RVImageAPI.m */,
			);
			path = API;
			sourceTree = "<group>";
		};
		ADD26E0E171841DD0007BE84 /* Views */ = {
			isa = PBXGroup;
			children = (
				ADD26E0F171842340007BE84 /* RVTrackCell.h */,
				ADD26E10171842340007BE84 /* RVTrackCell.m */,
				ADD26E121718424F0007BE84 /* RVTrackCell.xib */,
			);
			path = Views;
			sourceTree = "<group>";
		};
		ADDC1DC4171862E200A4AFEC /* Utils */ = {
			isa = PBXGroup;
			children = (
				ADDC1DC51718630800A4AFEC /* RVNSDateAdditionTests.h */,
				ADDC1DC61718630800A4AFEC /* RVNSDateAdditionTests.m */,
			);
			path = Utils;
			sourceTree = "<group>";
		};
/* End PBXGroup section */

/* Begin PBXNativeTarget section */
		AD4767F8171704960023C293 /* SoundCloud */ = {
			isa = PBXNativeTarget;
			buildConfigurationList = AD476831171704960023C293 /* Build configuration list for PBXNativeTarget "SoundCloud" */;
			buildPhases = (
				AD4767F5171704960023C293 /* Sources */,
				AD4767F6171704960023C293 /* Frameworks */,
				AD4767F7171704960023C293 /* Resources */,
				B14E31917C2841D298C6C9EF /* Copy Pods Resources */,
			);
			buildRules = (
			);
			dependencies = (
			);
			name = SoundCloud;
			productName = SoundCloud;
			productReference = AD4767F9171704960023C293 /* SoundCloud.app */;
			productType = "com.apple.product-type.application";
		};
		AD47681E171704960023C293 /* SoundCloudTests */ = {
			isa = PBXNativeTarget;
			buildConfigurationList = AD476834171704960023C293 /* Build configuration list for PBXNativeTarget "SoundCloudTests" */;
			buildPhases = (
				AD47681A171704960023C293 /* Sources */,
				AD47681B171704960023C293 /* Frameworks */,
				AD47681C171704960023C293 /* Resources */,
				AD47681D171704960023C293 /* ShellScript */,
			);
			buildRules = (
			);
			dependencies = (
				AD476825171704960023C293 /* PBXTargetDependency */,
			);
			name = SoundCloudTests;
			productName = SoundCloudTests;
			productReference = AD47681F171704960023C293 /* SoundCloudTests.octest */;
			productType = "com.apple.product-type.bundle";
		};
/* End PBXNativeTarget section */

/* Begin PBXProject section */
		AD4767F1171704960023C293 /* Project object */ = {
			isa = PBXProject;
			attributes = {
				CLASSPREFIX = RV;
				LastUpgradeCheck = 0460;
				ORGANIZATIONNAME = "R√©my Virin";
			};
			buildConfigurationList = AD4767F4171704960023C293 /* Build configuration list for PBXProject "SoundCloud" */;
			compatibilityVersion = "Xcode 3.2";
			developmentRegion = English;
			hasScannedForEncodings = 0;
			knownRegions = (
				en,
			);
			mainGroup = AD4767F0171704960023C293;
			productRefGroup = AD4767FA171704960023C293 /* Products */;
			projectDirPath = "";
			projectRoot = "";
			targets = (
				AD4767F8171704960023C293 /* SoundCloud */,
				AD47681E171704960023C293 /* SoundCloudTests */,
			);
		};
/* End PBXProject section */

/* Begin PBXResourcesBuildPhase section */
		AD4767F7171704960023C293 /* Resources */ = {
			isa = PBXResourcesBuildPhase;
			buildActionMask = 2147483647;
			files = (
				AD476807171704960023C293 /* InfoPlist.strings in Resources */,
				AD47680F171704960023C293 /* Default.png in Resources */,
				AD476811171704960023C293 /* Default@2x.png in Resources */,
				AD476813171704960023C293 /* Default-568h@2x.png in Resources */,
				AD5BDF3617171DDF0029D969 /* RVViewController.xib in Resources */,
				ADD26E131718424F0007BE84 /* RVTrackCell.xib in Resources */,
			);
			runOnlyForDeploymentPostprocessing = 0;
		};
		AD47681C171704960023C293 /* Resources */ = {
			isa = PBXResourcesBuildPhase;
			buildActionMask = 2147483647;
			files = (
				AD47682B171704960023C293 /* InfoPlist.strings in Resources */,
			);
			runOnlyForDeploymentPostprocessing = 0;
		};
/* End PBXResourcesBuildPhase section */

/* Begin PBXShellScriptBuildPhase section */
		AD47681D171704960023C293 /* ShellScript */ = {
			isa = PBXShellScriptBuildPhase;
			buildActionMask = 2147483647;
			files = (
			);
			inputPaths = (
			);
			outputPaths = (
			);
			runOnlyForDeploymentPostprocessing = 0;
			shellPath = /bin/sh;
			shellScript = "# Run the unit tests in this test bundle.\n\"${SYSTEM_DEVELOPER_DIR}/Tools/RunUnitTests\"\n";
		};
		B14E31917C2841D298C6C9EF /* Copy Pods Resources */ = {
			isa = PBXShellScriptBuildPhase;
			buildActionMask = 2147483647;
			files = (
			);
			inputPaths = (
			);
			name = "Copy Pods Resources";
			outputPaths = (
			);
			runOnlyForDeploymentPostprocessing = 0;
			shellPath = /bin/sh;
			shellScript = "\"${SRCROOT}/Pods/Pods-resources.sh\"\n";
		};
/* End PBXShellScriptBuildPhase section */

/* Begin PBXSourcesBuildPhase section */
		AD4767F5171704960023C293 /* Sources */ = {
			isa = PBXSourcesBuildPhase;
			buildActionMask = 2147483647;
			files = (
				AD476809171704960023C293 /* main.m in Sources */,
				AD47680D171704960023C293 /* RVAppDelegate.m in Sources */,
				AD5BDF241717128F0029D969 /* RVTrack.m in Sources */,
				AD5BDF281717136A0029D969 /* RVArtist.m in Sources */,
				AD5BDF3017171CAE0029D969 /* NSDictionary+SKParsing.m in Sources */,
				AD5BDF3417171DCD0029D969 /* RVViewController.m in Sources */,
				ADD26E0D1718303A0007BE84 /* RVTracksAPI.m in Sources */,
				ADD26E11171842340007BE84 /* RVTrackCell.m in Sources */,
				ADD26E1617185E340007BE84 /* RVImageAPI.m in Sources */,
				ADDC1DC3171862AF00A4AFEC /* NSDate+SoundCloud.m in Sources */,
			);
			runOnlyForDeploymentPostprocessing = 0;
		};
		AD47681A171704960023C293 /* Sources */ = {
			isa = PBXSourcesBuildPhase;
			buildActionMask = 2147483647;
			files = (
				AD47682E171704960023C293 /* SoundCloudTests.m in Sources */,
				AD5BDF2C171716E10029D969 /* RVArtistTest.m in Sources */,
				AD5BDF39171720340029D969 /* RVTrackTests.m in Sources */,
				ADDC1DC71718630800A4AFEC /* RVNSDateAdditionTests.m in Sources */,
			);
			runOnlyForDeploymentPostprocessing = 0;
		};
/* End PBXSourcesBuildPhase section */

/* Begin PBXTargetDependency section */
		AD476825171704960023C293 /* PBXTargetDependency */ = {
			isa = PBXTargetDependency;
			target = AD4767F8171704960023C293 /* SoundCloud */;
			targetProxy = AD476824171704960023C293 /* PBXContainerItemProxy */;
		};
/* End PBXTargetDependency section */

/* Begin PBXVariantGroup section */
		AD476805171704960023C293 /* InfoPlist.strings */ = {
			isa = PBXVariantGroup;
			children = (
				AD476806171704960023C293 /* en */,
			);
			name = InfoPlist.strings;
			sourceTree = "<group>";
		};
		AD476829171704960023C293 /* InfoPlist.strings */ = {
			isa = PBXVariantGroup;
			children = (
				AD47682A171704960023C293 /* en */,
			);
			name = InfoPlist.strings;
			sourceTree = "<group>";
		};
/* End PBXVariantGroup section */

/* Begin XCBuildConfiguration section */
		AD47682F171704960023C293 /* Debug */ = {
			isa = XCBuildConfiguration;
			buildSettings = {
				ALWAYS_SEARCH_USER_PATHS = NO;
				CLANG_CXX_LANGUAGE_STANDARD = "gnu++0x";
				CLANG_CXX_LIBRARY = "libc++";
				CLANG_ENABLE_OBJC_ARC = YES;
				CLANG_WARN_CONSTANT_CONVERSION = YES;
				CLANG_WARN_EMPTY_BODY = YES;
				CLANG_WARN_ENUM_CONVERSION = YES;
				CLANG_WARN_INT_CONVERSION = YES;
				CLANG_WARN__DUPLICATE_METHOD_MATCH = YES;
				"CODE_SIGN_IDENTITY[sdk=iphoneos*]" = "iPhone Developer";
				COPY_PHASE_STRIP = NO;
				GCC_C_LANGUAGE_STANDARD = gnu99;
				GCC_DYNAMIC_NO_PIC = NO;
				GCC_OPTIMIZATION_LEVEL = 0;
				GCC_PREPROCESSOR_DEFINITIONS = (
					"DEBUG=1",
					"$(inherited)",
				);
				GCC_SYMBOLS_PRIVATE_EXTERN = NO;
				GCC_WARN_ABOUT_RETURN_TYPE = YES;
				GCC_WARN_UNINITIALIZED_AUTOS = YES;
				GCC_WARN_UNUSED_VARIABLE = YES;
				IPHONEOS_DEPLOYMENT_TARGET = 6.1;
				ONLY_ACTIVE_ARCH = YES;
				SDKROOT = iphoneos;
			};
			name = Debug;
		};
		AD476830171704960023C293 /* Release */ = {
			isa = XCBuildConfiguration;
			buildSettings = {
				ALWAYS_SEARCH_USER_PATHS = NO;
				CLANG_CXX_LANGUAGE_STANDARD = "gnu++0x";
				CLANG_CXX_LIBRARY = "libc++";
				CLANG_ENABLE_OBJC_ARC = YES;
				CLANG_WARN_CONSTANT_CONVERSION = YES;
				CLANG_WARN_EMPTY_BODY = YES;
				CLANG_WARN_ENUM_CONVERSION = YES;
				CLANG_WARN_INT_CONVERSION = YES;
				CLANG_WARN__DUPLICATE_METHOD_MATCH = YES;
				"CODE_SIGN_IDENTITY[sdk=iphoneos*]" = "iPhone Developer";
				COPY_PHASE_STRIP = YES;
				GCC_C_LANGUAGE_STANDARD = gnu99;
				GCC_WARN_ABOUT_RETURN_TYPE = YES;
				GCC_WARN_UNINITIALIZED_AUTOS = YES;
				GCC_WARN_UNUSED_VARIABLE = YES;
				IPHONEOS_DEPLOYMENT_TARGET = 6.1;
				OTHER_CFLAGS = "-DNS_BLOCK_ASSERTIONS=1";
				SDKROOT = iphoneos;
				VALIDATE_PRODUCT = YES;
			};
			name = Release;
		};
		AD476832171704960023C293 /* Debug */ = {
			isa = XCBuildConfiguration;
			baseConfigurationReference = 7BB90202BD364EFCAC5183C7 /* Pods.xcconfig */;
			buildSettings = {
				GCC_PRECOMPILE_PREFIX_HEADER = YES;
				GCC_PREFIX_HEADER = "SoundCloud/SoundCloud-Prefix.pch";
				INFOPLIST_FILE = "SoundCloud/SoundCloud-Info.plist";
				PRODUCT_NAME = "$(TARGET_NAME)";
				WRAPPER_EXTENSION = app;
			};
			name = Debug;
		};
		AD476833171704960023C293 /* Release */ = {
			isa = XCBuildConfiguration;
			baseConfigurationReference = 7BB90202BD364EFCAC5183C7 /* Pods.xcconfig */;
			buildSettings = {
				GCC_PRECOMPILE_PREFIX_HEADER = YES;
				GCC_PREFIX_HEADER = "SoundCloud/SoundCloud-Prefix.pch";
				INFOPLIST_FILE = "SoundCloud/SoundCloud-Info.plist";
				PRODUCT_NAME = "$(TARGET_NAME)";
				WRAPPER_EXTENSION = app;
			};
			name = Release;
		};
		AD476835171704960023C293 /* Debug */ = {
			isa = XCBuildConfiguration;
			buildSettings = {
				BUNDLE_LOADER = "$(BUILT_PRODUCTS_DIR)/SoundCloud.app/SoundCloud";
				FRAMEWORK_SEARCH_PATHS = (
					"\"$(SDKROOT)/Developer/Library/Frameworks\"",
					"\"$(DEVELOPER_LIBRARY_DIR)/Frameworks\"",
				);
				GCC_PRECOMPILE_PREFIX_HEADER = YES;
				GCC_PREFIX_HEADER = "SoundCloud/SoundCloud-Prefix.pch";
				INFOPLIST_FILE = "SoundCloudTests/SoundCloudTests-Info.plist";
				PRODUCT_NAME = "$(TARGET_NAME)";
				TEST_HOST = "$(BUNDLE_LOADER)";
				WRAPPER_EXTENSION = octest;
			};
			name = Debug;
		};
		AD476836171704960023C293 /* Release */ = {
			isa = XCBuildConfiguration;
			buildSettings = {
				BUNDLE_LOADER = "$(BUILT_PRODUCTS_DIR)/SoundCloud.app/SoundCloud";
				FRAMEWORK_SEARCH_PATHS = (
					"\"$(SDKROOT)/Developer/Library/Frameworks\"",
					"\"$(DEVELOPER_LIBRARY_DIR)/Frameworks\"",
				);
				GCC_PRECOMPILE_PREFIX_HEADER = YES;
				GCC_PREFIX_HEADER = "SoundCloud/SoundCloud-Prefix.pch";
				INFOPLIST_FILE = "SoundCloudTests/SoundCloudTests-Info.plist";
				PRODUCT_NAME = "$(TARGET_NAME)";
				TEST_HOST = "$(BUNDLE_LOADER)";
				WRAPPER_EXTENSION = octest;
			};
			name = Release;
		};
/* End XCBuildConfiguration section */

/* Begin XCConfigurationList section */
		AD4767F4171704960023C293 /* Build configuration list for PBXProject "SoundCloud" */ = {
			isa = XCConfigurationList;
			buildConfigurations = (
				AD47682F171704960023C293 /* Debug */,
				AD476830171704960023C293 /* Release */,
			);
			defaultConfigurationIsVisible = 0;
			defaultConfigurationName = Release;
		};
		AD476831171704960023C293 /* Build configuration list for PBXNativeTarget "SoundCloud" */ = {
			isa = XCConfigurationList;
			buildConfigurations = (
				AD476832171704960023C293 /* Debug */,
				AD476833171704960023C293 /* Release */,
			);
			defaultConfigurationIsVisible = 0;
			defaultConfigurationName = Release;
		};
		AD476834171704960023C293 /* Build configuration list for PBXNativeTarget "SoundCloudTests" */ = {
			isa = XCConfigurationList;
			buildConfigurations = (
				AD476835171704960023C293 /* Debug */,
				AD476836171704960023C293 /* Release */,
			);
			defaultConfigurationIsVisible = 0;
			defaultConfigurationName = Release;
		};
/* End XCConfigurationList section */
	};
	rootObject = AD4767F1171704960023C293 /* Project object */;
}
